
Microsoft Visual Studio Solution File, Format Version 12.00
# Visual Studio Version 16
VisualStudioVersion = 16.0.30406.217
MinimumVisualStudioVersion = 10.0.40219.1
Project("{FAE04EC0-301F-11D3-BF4B-00C04F79EFBC}") = "EPlatform.Business", "EPlatform.Business\EPlatform.Business.csproj", "{DE2A9492-3EF2-44A0-A4F6-61339345B65F}"
EndProject
Project("{FAE04EC0-301F-11D3-BF4B-00C04F79EFBC}") = "EPlatform.Core", "EPlatform.Core\EPlatform.Core.csproj", "{D7A0269E-AF8D-469C-9D88-263F409882FC}"
EndProject
Project("{FAE04EC0-301F-11D3-BF4B-00C04F79EFBC}") = "EPlatform.DataAccess", "EPlatform.DataAccess\EPlatform.DataAccess.csproj", "{E3C3D578-7755-4C74-8797-BCCDF0FC8961}"
EndProject
Project("{FAE04EC0-301F-11D3-BF4B-00C04F79EFBC}") = "EPlatform.WebUI", "EPlatform.WebUI\EPlatform.WebUI.csproj", "{5FA7D3EB-69EB-460F-89C3-8B133A8F670B}"
EndProject
Project("{FAE04EC0-301F-11D3-BF4B-00C04F79EFBC}") = "EPlatform.Entities", "EPlatform.Entities\EPlatform.Entities.csproj", "{22F3EFD8-EC3A-4A59-8A2E-A994730477C7}"
EndProject
Global
	GlobalSection(SolutionConfigurationPlatforms) = preSolution
		Debug|Any CPU = Debug|Any CPU
		Release|Any CPU = Release|Any CPU
	EndGlobalSection
	GlobalSection(ProjectConfigurationPlatforms) = postSolution
		{DE2A9492-3EF2-44A0-A4F6-61339345B65F}.Debug|Any CPU.ActiveCfg = Debug|Any CPU
		{DE2A9492-3EF2-44A0-A4F6-61339345B65F}.Debug|Any CPU.Build.0 = Debug|Any CPU
		{DE2A9492-3EF2-44A0-A4F6-61339345B65F}.Release|Any CPU.ActiveCfg = Release|Any CPU
		{DE2A9492-3EF2-44A0-A4F6-61339345B65F}.Release|Any CPU.Build.0 = Release|Any CPU
		{D7A0269E-AF8D-469C-9D88-263F409882FC}.Debug|Any CPU.ActiveCfg = Debug|Any CPU
		{D7A0269E-AF8D-469C-9D88-263F409882FC}.Debug|Any CPU.Build.0 = Debug|Any CPU
		{D7A0269E-AF8D-469C-9D88-263F409882FC}.Release|Any CPU.ActiveCfg = Release|Any CPU
		{D7A0269E-AF8D-469C-9D88-263F409882FC}.Release|Any CPU.Build.0 = Release|Any CPU
		{E3C3D578-7755-4C74-8797-BCCDF0FC8961}.Debug|Any CPU.ActiveCfg = Debug|Any CPU
		{E3C3D578-7755-4C74-8797-BCCDF0FC8961}.Debug|Any CPU.Build.0 = Debug|Any CPU
		{E3C3D578-7755-4C74-8797-BCCDF0FC8961}.Release|Any CPU.ActiveCfg = Release|Any CPU
		{E3C3D578-7755-4C74-8797-BCCDF0FC8961}.Release|Any CPU.Build.0 = Release|Any CPU
		{5FA7D3EB-69EB-460F-89C3-8B133A8F670B}.Debug|Any CPU.ActiveCfg = Debug|Any CPU
		{5FA7D3EB-69EB-460F-89C3-8B133A8F670B}.Debug|Any CPU.Build.0 = Debug|Any CPU
		{5FA7D3EB-69EB-460F-89C3-8B133A8F670B}.Release|Any CPU.ActiveCfg = Release|Any CPU
		{5FA7D3EB-69EB-460F-89C3-8B133A8F670B}.Release|Any CPU.Build.0 = Release|Any CPU
		{22F3EFD8-EC3A-4A59-8A2E-A994730477C7}.Debug|Any CPU.ActiveCfg = Debug|Any CPU
		{22F3EFD8-EC3A-4A59-8A2E-A994730477C7}.Debug|Any CPU.Build.0 = Debug|Any CPU
		{22F3EFD8-EC3A-4A59-8A2E-A994730477C7}.Release|Any CPU.ActiveCfg = Release|Any CPU
		{22F3EFD8-EC3A-4A59-8A2E-A994730477C7}.Release|Any CPU.Build.0 = Release|Any CPU
	EndGlobalSection
	GlobalSection(SolutionProperties) = preSolution
		HideSolutionNode = FALSE
	EndGlobalSection
	GlobalSection(ExtensibilityGlobals) = postSolution
		SolutionGuid = {46AA5A6A-72A0-474A-BC67-18DBD20215B2}
	EndGlobalSection
EndGlobal
